// !$*UTF8*$!
{
	archiveVersion = 1;
	classes = {
	};
	objectVersion = 55;
	objects = {

/* Begin PBXBuildFile section */
		3B23831C28295F4700D2F55B /* AppDelegate.swift in Sources */ = {isa = PBXBuildFile; fileRef = 3B23831B28295F4700D2F55B /* AppDelegate.swift */; };
		3B23831E28295F4700D2F55B /* SceneDelegate.swift in Sources */ = {isa = PBXBuildFile; fileRef = 3B23831D28295F4700D2F55B /* SceneDelegate.swift */; };
		3B23832028295F4700D2F55B /* ViewController.swift in Sources */ = {isa = PBXBuildFile; fileRef = 3B23831F28295F4700D2F55B /* ViewController.swift */; };
		3B23832328295F4700D2F55B /* Main.storyboard in Resources */ = {isa = PBXBuildFile; fileRef = 3B23832128295F4700D2F55B /* Main.storyboard */; };
		3B23832528295F4800D2F55B /* Assets.xcassets in Resources */ = {isa = PBXBuildFile; fileRef = 3B23832428295F4800D2F55B /* Assets.xcassets */; };
		3B23832828295F4800D2F55B /* LaunchScreen.storyboard in Resources */ = {isa = PBXBuildFile; fileRef = 3B23832628295F4800D2F55B /* LaunchScreen.storyboard */; };
		3B23833328295F4800D2F55B /* TechMonTests.swift in Sources */ = {isa = PBXBuildFile; fileRef = 3B23833228295F4800D2F55B /* TechMonTests.swift */; };
		3B23833D28295F4800D2F55B /* TechMonUITests.swift in Sources */ = {isa = PBXBuildFile; fileRef = 3B23833C28295F4800D2F55B /* TechMonUITests.swift */; };
		3B23833F28295F4800D2F55B /* TechMonUITestsLaunchTests.swift in Sources */ = {isa = PBXBuildFile; fileRef = 3B23833E28295F4800D2F55B /* TechMonUITestsLaunchTests.swift */; };
		3B23836228295F5F00D2F55B /* lobby.png in Resources */ = {isa = PBXBuildFile; fileRef = 3B23834D28295F5F00D2F55B /* lobby.png */; };
		3B23836328295F5F00D2F55B /* battlebg.png in Resources */ = {isa = PBXBuildFile; fileRef = 3B23834E28295F5F00D2F55B /* battlebg.png */; };
		3B23836428295F5F00D2F55B /* bgimage.jpg in Resources */ = {isa = PBXBuildFile; fileRef = 3B23834F28295F5F00D2F55B /* bgimage.jpg */; };
		3B23836528295F5F00D2F55B /* waku.png in Resources */ = {isa = PBXBuildFile; fileRef = 3B23835028295F5F00D2F55B /* waku.png */; };
		3B23836628295F5F00D2F55B /* gold_button.png in Resources */ = {isa = PBXBuildFile; fileRef = 3B23835128295F5F00D2F55B /* gold_button.png */; };
		3B23836728295F5F00D2F55B /* yusya.png in Resources */ = {isa = PBXBuildFile; fileRef = 3B23835228295F5F00D2F55B /* yusya.png */; };
		3B23836828295F5F00D2F55B /* monster.png in Resources */ = {isa = PBXBuildFile; fileRef = 3B23835328295F5F00D2F55B /* monster.png */; };
		3B23836928295F5F00D2F55B /* Enemy.swift in Sources */ = {isa = PBXBuildFile; fileRef = 3B23835528295F5F00D2F55B /* Enemy.swift */; };
		3B23836A28295F5F00D2F55B /* TechMonMager.swift in Sources */ = {isa = PBXBuildFile; fileRef = 3B23835628295F5F00D2F55B /* TechMonMager.swift */; };
		3B23836B28295F5F00D2F55B /* Character.swift in Sources */ = {isa = PBXBuildFile; fileRef = 3B23835728295F5F00D2F55B /* Character.swift */; };
		3B23836C28295F5F00D2F55B /* SE_fanfare.mp3 in Resources */ = {isa = PBXBuildFile; fileRef = 3B23835928295F5F00D2F55B /* SE_fanfare.mp3 */; };
		3B23836D28295F5F00D2F55B /* BGM_battle001.mp3 in Resources */ = {isa = PBXBuildFile; fileRef = 3B23835A28295F5F00D2F55B /* BGM_battle001.mp3 */; };
		3B23836E28295F5F00D2F55B /* SE_fire.mp3 in Resources */ = {isa = PBXBuildFile; fileRef = 3B23835B28295F5F00D2F55B /* SE_fire.mp3 */; };
		3B23836F28295F5F00D2F55B /* SE_attack.mp3 in Resources */ = {isa = PBXBuildFile; fileRef = 3B23835C28295F5F00D2F55B /* SE_attack.mp3 */; };
		3B23837028295F5F00D2F55B /* SE_gameover.mp3 in Resources */ = {isa = PBXBuildFile; fileRef = 3B23835D28295F5F00D2F55B /* SE_gameover.mp3 */; };
		3B23837128295F5F00D2F55B /* SE_charge.mp3 in Resources */ = {isa = PBXBuildFile; fileRef = 3B23835E28295F5F00D2F55B /* SE_charge.mp3 */; };
		3B23837228295F5F00D2F55B /* lobby.mp3 in Resources */ = {isa = PBXBuildFile; fileRef = 3B23835F28295F5F00D2F55B /* lobby.mp3 */; };
		3B23837328295F5F00D2F55B /* misaki_gothic.ttf in Resources */ = {isa = PBXBuildFile; fileRef = 3B23836128295F5F00D2F55B /* misaki_gothic.ttf */; };
		3B2383752829682700D2F55B /* LobbyViewController.swift in Sources */ = {isa = PBXBuildFile; fileRef = 3B2383742829682700D2F55B /* LobbyViewController.swift */; };
		3B2383772829683700D2F55B /* BattleViewController.swift in Sources */ = {isa = PBXBuildFile; fileRef = 3B2383762829683700D2F55B /* BattleViewController.swift */; };
/* End PBXBuildFile section */

/* Begin PBXContainerItemProxy section */
		3B23832F28295F4800D2F55B /* PBXContainerItemProxy */ = {
			isa = PBXContainerItemProxy;
			containerPortal = 3B23831028295F4700D2F55B /* Project object */;
			proxyType = 1;
			remoteGlobalIDString = 3B23831728295F4700D2F55B;
			remoteInfo = TechMon;
		};
		3B23833928295F4800D2F55B /* PBXContainerItemProxy */ = {
			isa = PBXContainerItemProxy;
			containerPortal = 3B23831028295F4700D2F55B /* Project object */;
			proxyType = 1;
			remoteGlobalIDString = 3B23831728295F4700D2F55B;
			remoteInfo = TechMon;
		};
/* End PBXContainerItemProxy section */

/* Begin PBXFileReference section */
		3B23831828295F4700D2F55B /* TechMon.app */ = {isa = PBXFileReference; explicitFileType = wrapper.application; includeInIndex = 0; path = TechMon.app; sourceTree = BUILT_PRODUCTS_DIR; };
		3B23831B28295F4700D2F55B /* AppDelegate.swift */ = {isa = PBXFileReference; lastKnownFileType = sourcecode.swift; path = AppDelegate.swift; sourceTree = "<group>"; };
		3B23831D28295F4700D2F55B /* SceneDelegate.swift */ = {isa = PBXFileReference; lastKnownFileType = sourcecode.swift; path = SceneDelegate.swift; sourceTree = "<group>"; };
		3B23831F28295F4700D2F55B /* ViewController.swift */ = {isa = PBXFileReference; lastKnownFileType = sourcecode.swift; path = ViewController.swift; sourceTree = "<group>"; };
		3B23832228295F4700D2F55B /* Base */ = {isa = PBXFileReference; lastKnownFileType = file.storyboard; name = Base; path = Base.lproj/Main.storyboard; sourceTree = "<group>"; };
		3B23832428295F4800D2F55B /* Assets.xcassets */ = {isa = PBXFileReference; lastKnownFileType = folder.assetcatalog; path = Assets.xcassets; sourceTree = "<group>"; };
		3B23832728295F4800D2F55B /* Base */ = {isa = PBXFileReference; lastKnownFileType = file.storyboard; name = Base; path = Base.lproj/LaunchScreen.storyboard; sourceTree = "<group>"; };
		3B23832928295F4800D2F55B /* Info.plist */ = {isa = PBXFileReference; lastKnownFileType = text.plist.xml; path = Info.plist; sourceTree = "<group>"; };
		3B23832E28295F4800D2F55B /* TechMonTests.xctest */ = {isa = PBXFileReference; explicitFileType = wrapper.cfbundle; includeInIndex = 0; path = TechMonTests.xctest; sourceTree = BUILT_PRODUCTS_DIR; };
		3B23833228295F4800D2F55B /* TechMonTests.swift */ = {isa = PBXFileReference; lastKnownFileType = sourcecode.swift; path = TechMonTests.swift; sourceTree = "<group>"; };
		3B23833828295F4800D2F55B /* TechMonUITests.xctest */ = {isa = PBXFileReference; explicitFileType = wrapper.cfbundle; includeInIndex = 0; path = TechMonUITests.xctest; sourceTree = BUILT_PRODUCTS_DIR; };
		3B23833C28295F4800D2F55B /* TechMonUITests.swift */ = {isa = PBXFileReference; lastKnownFileType = sourcecode.swift; path = TechMonUITests.swift; sourceTree = "<group>"; };
		3B23833E28295F4800D2F55B /* TechMonUITestsLaunchTests.swift */ = {isa = PBXFileReference; lastKnownFileType = sourcecode.swift; path = TechMonUITestsLaunchTests.swift; sourceTree = "<group>"; };
		3B23834D28295F5F00D2F55B /* lobby.png */ = {isa = PBXFileReference; lastKnownFileType = image.png; path = lobby.png; sourceTree = "<group>"; };
		3B23834E28295F5F00D2F55B /* battlebg.png */ = {isa = PBXFileReference; lastKnownFileType = image.png; path = battlebg.png; sourceTree = "<group>"; };
		3B23834F28295F5F00D2F55B /* bgimage.jpg */ = {isa = PBXFileReference; lastKnownFileType = image.jpeg; path = bgimage.jpg; sourceTree = "<group>"; };
		3B23835028295F5F00D2F55B /* waku.png */ = {isa = PBXFileReference; lastKnownFileType = image.png; path = waku.png; sourceTree = "<group>"; };
		3B23835128295F5F00D2F55B /* gold_button.png */ = {isa = PBXFileReference; lastKnownFileType = image.png; path = gold_button.png; sourceTree = "<group>"; };
		3B23835228295F5F00D2F55B /* yusya.png */ = {isa = PBXFileReference; lastKnownFileType = image.png; path = yusya.png; sourceTree = "<group>"; };
		3B23835328295F5F00D2F55B /* monster.png */ = {isa = PBXFileReference; lastKnownFileType = image.png; path = monster.png; sourceTree = "<group>"; };
		3B23835528295F5F00D2F55B /* Enemy.swift */ = {isa = PBXFileReference; fileEncoding = 4; lastKnownFileType = sourcecode.swift; path = Enemy.swift; sourceTree = "<group>"; };
		3B23835628295F5F00D2F55B /* TechMonMager.swift */ = {isa = PBXFileReference; fileEncoding = 4; lastKnownFileType = sourcecode.swift; path = TechMonMager.swift; sourceTree = "<group>"; };
		3B23835728295F5F00D2F55B /* Character.swift */ = {isa = PBXFileReference; fileEncoding = 4; lastKnownFileType = sourcecode.swift; path = Character.swift; sourceTree = "<group>"; };
		3B23835928295F5F00D2F55B /* SE_fanfare.mp3 */ = {isa = PBXFileReference; lastKnownFileType = audio.mp3; path = SE_fanfare.mp3; sourceTree = "<group>"; };
		3B23835A28295F5F00D2F55B /* BGM_battle001.mp3 */ = {isa = PBXFileReference; lastKnownFileType = audio.mp3; path = BGM_battle001.mp3; sourceTree = "<group>"; };
		3B23835B28295F5F00D2F55B /* SE_fire.mp3 */ = {isa = PBXFileReference; lastKnownFileType = audio.mp3; path = SE_fire.mp3; sourceTree = "<group>"; };
		3B23835C28295F5F00D2F55B /* SE_attack.mp3 */ = {isa = PBXFileReference; lastKnownFileType = audio.mp3; path = SE_attack.mp3; sourceTree = "<group>"; };
		3B23835D28295F5F00D2F55B /* SE_gameover.mp3 */ = {isa = PBXFileReference; lastKnownFileType = audio.mp3; path = SE_gameover.mp3; sourceTree = "<group>"; };
		3B23835E28295F5F00D2F55B /* SE_charge.mp3 */ = {isa = PBXFileReference; lastKnownFileType = audio.mp3; path = SE_charge.mp3; sourceTree = "<group>"; };
		3B23835F28295F5F00D2F55B /* lobby.mp3 */ = {isa = PBXFileReference; lastKnownFileType = audio.mp3; path = lobby.mp3; sourceTree = "<group>"; };
		3B23836128295F5F00D2F55B /* misaki_gothic.ttf */ = {isa = PBXFileReference; lastKnownFileType = file; path = misaki_gothic.ttf; sourceTree = "<group>"; };
		3B2383742829682700D2F55B /* LobbyViewController.swift */ = {isa = PBXFileReference; lastKnownFileType = sourcecode.swift; path = LobbyViewController.swift; sourceTree = "<group>"; };
		3B2383762829683700D2F55B /* BattleViewController.swift */ = {isa = PBXFileReference; lastKnownFileType = sourcecode.swift; path = BattleViewController.swift; sourceTree = "<group>"; };
/* End PBXFileReference section */

/* Begin PBXFrameworksBuildPhase section */
		3B23831528295F4700D2F55B /* Frameworks */ = {
			isa = PBXFrameworksBuildPhase;
			buildActionMask = 2147483647;
			files = (
			);
			runOnlyForDeploymentPostprocessing = 0;
		};
		3B23832B28295F4800D2F55B /* Frameworks */ = {
			isa = PBXFrameworksBuildPhase;
			buildActionMask = 2147483647;
			files = (
			);
			runOnlyForDeploymentPostprocessing = 0;
		};
		3B23833528295F4800D2F55B /* Frameworks */ = {
			isa = PBXFrameworksBuildPhase;
			buildActionMask = 2147483647;
			files = (
			);
			runOnlyForDeploymentPostprocessing = 0;
		};
/* End PBXFrameworksBuildPhase section */

/* Begin PBXGroup section */
		3B23830F28295F4700D2F55B = {
			isa = PBXGroup;
			children = (
				3B23831A28295F4700D2F55B /* TechMon */,
				3B23833128295F4800D2F55B /* TechMonTests */,
				3B23833B28295F4800D2F55B /* TechMonUITests */,
				3B23831928295F4700D2F55B /* Products */,
			);
			sourceTree = "<group>";
		};
		3B23831928295F4700D2F55B /* Products */ = {
			isa = PBXGroup;
			children = (
				3B23831828295F4700D2F55B /* TechMon.app */,
				3B23832E28295F4800D2F55B /* TechMonTests.xctest */,
				3B23833828295F4800D2F55B /* TechMonUITests.xctest */,
			);
			name = Products;
			sourceTree = "<group>";
		};
		3B23831A28295F4700D2F55B /* TechMon */ = {
			isa = PBXGroup;
			children = (
				3B23834B28295F5F00D2F55B /* TechMon_Resources */,
				3B23831B28295F4700D2F55B /* AppDelegate.swift */,
				3B23831D28295F4700D2F55B /* SceneDelegate.swift */,
				3B23831F28295F4700D2F55B /* ViewController.swift */,
				3B23832128295F4700D2F55B /* Main.storyboard */,
				3B23832428295F4800D2F55B /* Assets.xcassets */,
				3B23832628295F4800D2F55B /* LaunchScreen.storyboard */,
				3B23832928295F4800D2F55B /* Info.plist */,
				3B2383742829682700D2F55B /* LobbyViewController.swift */,
				3B2383762829683700D2F55B /* BattleViewController.swift */,
			);
			path = TechMon;
			sourceTree = "<group>";
		};
		3B23833128295F4800D2F55B /* TechMonTests */ = {
			isa = PBXGroup;
			children = (
				3B23833228295F4800D2F55B /* TechMonTests.swift */,
			);
			path = TechMonTests;
			sourceTree = "<group>";
		};
		3B23833B28295F4800D2F55B /* TechMonUITests */ = {
			isa = PBXGroup;
			children = (
				3B23833C28295F4800D2F55B /* TechMonUITests.swift */,
				3B23833E28295F4800D2F55B /* TechMonUITestsLaunchTests.swift */,
			);
			path = TechMonUITests;
			sourceTree = "<group>";
		};
		3B23834B28295F5F00D2F55B /* TechMon_Resources */ = {
			isa = PBXGroup;
			children = (
				3B23834C28295F5F00D2F55B /* Images */,
				3B23835428295F5F00D2F55B /* Models */,
				3B23835828295F5F00D2F55B /* Sounds */,
				3B23836028295F5F00D2F55B /* Fonts */,
			);
			path = TechMon_Resources;
			sourceTree = "<group>";
		};
		3B23834C28295F5F00D2F55B /* Images */ = {
			isa = PBXGroup;
			children = (
				3B23834D28295F5F00D2F55B /* lobby.png */,
				3B23834E28295F5F00D2F55B /* battlebg.png */,
				3B23834F28295F5F00D2F55B /* bgimage.jpg */,
				3B23835028295F5F00D2F55B /* waku.png */,
				3B23835128295F5F00D2F55B /* gold_button.png */,
				3B23835228295F5F00D2F55B /* yusya.png */,
				3B23835328295F5F00D2F55B /* monster.png */,
			);
			path = Images;
			sourceTree = "<group>";
		};
		3B23835428295F5F00D2F55B /* Models */ = {
			isa = PBXGroup;
			children = (
				3B23835528295F5F00D2F55B /* Enemy.swift */,
				3B23835628295F5F00D2F55B /* TechMonMager.swift */,
				3B23835728295F5F00D2F55B /* Character.swift */,
			);
			path = Models;
			sourceTree = "<group>";
		};
		3B23835828295F5F00D2F55B /* Sounds */ = {
			isa = PBXGroup;
			children = (
				3B23835928295F5F00D2F55B /* SE_fanfare.mp3 */,
				3B23835A28295F5F00D2F55B /* BGM_battle001.mp3 */,
				3B23835B28295F5F00D2F55B /* SE_fire.mp3 */,
				3B23835C28295F5F00D2F55B /* SE_attack.mp3 */,
				3B23835D28295F5F00D2F55B /* SE_gameover.mp3 */,
				3B23835E28295F5F00D2F55B /* SE_charge.mp3 */,
				3B23835F28295F5F00D2F55B /* lobby.mp3 */,
			);
			path = Sounds;
			sourceTree = "<group>";
		};
		3B23836028295F5F00D2F55B /* Fonts */ = {
			isa = PBXGroup;
			children = (
				3B23836128295F5F00D2F55B /* misaki_gothic.ttf */,
			);
			path = Fonts;
			sourceTree = "<group>";
		};
/* End PBXGroup section */

/* Begin PBXNativeTarget section */
		3B23831728295F4700D2F55B /* TechMon */ = {
			isa = PBXNativeTarget;
			buildConfigurationList = 3B23834228295F4800D2F55B /* Build configuration list for PBXNativeTarget "TechMon" */;
			buildPhases = (
				3B23831428295F4700D2F55B /* Sources */,
				3B23831528295F4700D2F55B /* Frameworks */,
				3B23831628295F4700D2F55B /* Resources */,
			);
			buildRules = (
			);
			dependencies = (
			);
			name = TechMon;
			productName = TechMon;
			productReference = 3B23831828295F4700D2F55B /* TechMon.app */;
			productType = "com.apple.product-type.application";
		};
		3B23832D28295F4800D2F55B /* TechMonTests */ = {
			isa = PBXNativeTarget;
			buildConfigurationList = 3B23834528295F4800D2F55B /* Build configuration list for PBXNativeTarget "TechMonTests" */;
			buildPhases = (
				3B23832A28295F4800D2F55B /* Sources */,
				3B23832B28295F4800D2F55B /* Frameworks */,
				3B23832C28295F4800D2F55B /* Resources */,
			);
			buildRules = (
			);
			dependencies = (
				3B23833028295F4800D2F55B /* PBXTargetDependency */,
			);
			name = TechMonTests;
			productName = TechMonTests;
			productReference = 3B23832E28295F4800D2F55B /* TechMonTests.xctest */;
			productType = "com.apple.product-type.bundle.unit-test";
		};
		3B23833728295F4800D2F55B /* TechMonUITests */ = {
			isa = PBXNativeTarget;
			buildConfigurationList = 3B23834828295F4800D2F55B /* Build configuration list for PBXNativeTarget "TechMonUITests" */;
			buildPhases = (
				3B23833428295F4800D2F55B /* Sources */,
				3B23833528295F4800D2F55B /* Frameworks */,
				3B23833628295F4800D2F55B /* Resources */,
			);
			buildRules = (
			);
			dependencies = (
				3B23833A28295F4800D2F55B /* PBXTargetDependency */,
			);
			name = TechMonUITests;
			productName = TechMonUITests;
			productReference = 3B23833828295F4800D2F55B /* TechMonUITests.xctest */;
			productType = "com.apple.product-type.bundle.ui-testing";
		};
/* End PBXNativeTarget section */

/* Begin PBXProject section */
		3B23831028295F4700D2F55B /* Project object */ = {
			isa = PBXProject;
			attributes = {
				BuildIndependentTargetsInParallel = 1;
				LastSwiftUpdateCheck = 1330;
				LastUpgradeCheck = 1330;
				TargetAttributes = {
					3B23831728295F4700D2F55B = {
						CreatedOnToolsVersion = 13.3.1;
					};
					3B23832D28295F4800D2F55B = {
						CreatedOnToolsVersion = 13.3.1;
						TestTargetID = 3B23831728295F4700D2F55B;
					};
					3B23833728295F4800D2F55B = {
						CreatedOnToolsVersion = 13.3.1;
						TestTargetID = 3B23831728295F4700D2F55B;
					};
				};
			};
			buildConfigurationList = 3B23831328295F4700D2F55B /* Build configuration list for PBXProject "TechMon" */;
			compatibilityVersion = "Xcode 13.0";
			developmentRegion = en;
			hasScannedForEncodings = 0;
			knownRegions = (
				en,
				Base,
			);
			mainGroup = 3B23830F28295F4700D2F55B;
			productRefGroup = 3B23831928295F4700D2F55B /* Products */;
			projectDirPath = "";
			projectRoot = "";
			targets = (
				3B23831728295F4700D2F55B /* TechMon */,
				3B23832D28295F4800D2F55B /* TechMonTests */,
				3B23833728295F4800D2F55B /* TechMonUITests */,
			);
		};
/* End PBXProject section */

/* Begin PBXResourcesBuildPhase section */
		3B23831628295F4700D2F55B /* Resources */ = {
			isa = PBXResourcesBuildPhase;
			buildActionMask = 2147483647;
			files = (
				3B23836728295F5F00D2F55B /* yusya.png in Resources */,
				3B23836428295F5F00D2F55B /* bgimage.jpg in Resources */,
				3B23836528295F5F00D2F55B /* waku.png in Resources */,
				3B23836C28295F5F00D2F55B /* SE_fanfare.mp3 in Resources */,
				3B23836228295F5F00D2F55B /* lobby.png in Resources */,
				3B23836628295F5F00D2F55B /* gold_button.png in Resources */,
				3B23836F28295F5F00D2F55B /* SE_attack.mp3 in Resources */,
				3B23832828295F4800D2F55B /* LaunchScreen.storyboard in Resources */,
				3B23837228295F5F00D2F55B /* lobby.mp3 in Resources */,
				3B23832528295F4800D2F55B /* Assets.xcassets in Resources */,
				3B23837328295F5F00D2F55B /* misaki_gothic.ttf in Resources */,
				3B23837028295F5F00D2F55B /* SE_gameover.mp3 in Resources */,
				3B23836328295F5F00D2F55B /* battlebg.png in Resources */,
				3B23836D28295F5F00D2F55B /* BGM_battle001.mp3 in Resources */,
				3B23837128295F5F00D2F55B /* SE_charge.mp3 in Resources */,
				3B23836E28295F5F00D2F55B /* SE_fire.mp3 in Resources */,
				3B23836828295F5F00D2F55B /* monster.png in Resources */,
				3B23832328295F4700D2F55B /* Main.storyboard in Resources */,
			);
			runOnlyForDeploymentPostprocessing = 0;
		};
		3B23832C28295F4800D2F55B /* Resources */ = {
			isa = PBXResourcesBuildPhase;
			buildActionMask = 2147483647;
			files = (
			);
			runOnlyForDeploymentPostprocessing = 0;
		};
		3B23833628295F4800D2F55B /* Resources */ = {
			isa = PBXResourcesBuildPhase;
			buildActionMask = 2147483647;
			files = (
			);
			runOnlyForDeploymentPostprocessing = 0;
		};
/* End PBXResourcesBuildPhase section */

/* Begin PBXSourcesBuildPhase section */
		3B23831428295F4700D2F55B /* Sources */ = {
			isa = PBXSourcesBuildPhase;
			buildActionMask = 2147483647;
			files = (
				3B2383772829683700D2F55B /* BattleViewController.swift in Sources */,
				3B23836928295F5F00D2F55B /* Enemy.swift in Sources */,
				3B23832028295F4700D2F55B /* ViewController.swift in Sources */,
				3B23831C28295F4700D2F55B /* AppDelegate.swift in Sources */,
				3B23831E28295F4700D2F55B /* SceneDelegate.swift in Sources */,
				3B2383752829682700D2F55B /* LobbyViewController.swift in Sources */,
				3B23836B28295F5F00D2F55B /* Character.swift in Sources */,
				3B23836A28295F5F00D2F55B /* TechMonMager.swift in Sources */,
			);
			runOnlyForDeploymentPostprocessing = 0;
		};
		3B23832A28295F4800D2F55B /* Sources */ = {
			isa = PBXSourcesBuildPhase;
			buildActionMask = 2147483647;
			files = (
				3B23833328295F4800D2F55B /* TechMonTests.swift in Sources */,
			);
			runOnlyForDeploymentPostprocessing = 0;
		};
		3B23833428295F4800D2F55B /* Sources */ = {
			isa = PBXSourcesBuildPhase;
			buildActionMask = 2147483647;
			files = (
				3B23833D28295F4800D2F55B /* TechMonUITests.swift in Sources */,
				3B23833F28295F4800D2F55B /* TechMonUITestsLaunchTests.swift in Sources */,
			);
			runOnlyForDeploymentPostprocessing = 0;
		};
/* End PBXSourcesBuildPhase section */

/* Begin PBXTargetDependency section */
		3B23833028295F4800D2F55B /* PBXTargetDependency */ = {
			isa = PBXTargetDependency;
			target = 3B23831728295F4700D2F55B /* TechMon */;
			targetProxy = 3B23832F28295F4800D2F55B /* PBXContainerItemProxy */;
		};
		3B23833A28295F4800D2F55B /* PBXTargetDependency */ = {
			isa = PBXTargetDependency;
			target = 3B23831728295F4700D2F55B /* TechMon */;
			targetProxy = 3B23833928295F4800D2F55B /* PBXContainerItemProxy */;
		};
/* End PBXTargetDependency section */

/* Begin PBXVariantGroup section */
		3B23832128295F4700D2F55B /* Main.storyboard */ = {
			isa = PBXVariantGroup;
			children = (
				3B23832228295F4700D2F55B /* Base */,
			);
			name = Main.storyboard;
			sourceTree = "<group>";
		};
		3B23832628295F4800D2F55B /* LaunchScreen.storyboard */ = {
			isa = PBXVariantGroup;
			children = (
				3B23832728295F4800D2F55B /* Base */,
			);
			name = LaunchScreen.storyboard;
			sourceTree = "<group>";
		};
/* End PBXVariantGroup section */

/* Begin XCBuildConfiguration section */
		3B23834028295F4800D2F55B /* Debug */ = {
			isa = XCBuildConfiguration;
			buildSettings = {
				ALWAYS_SEARCH_USER_PATHS = NO;
				CLANG_ANALYZER_NONNULL = YES;
				CLANG_ANALYZER_NUMBER_OBJECT_CONVERSION = YES_AGGRESSIVE;
				CLANG_CXX_LANGUAGE_STANDARD = "gnu++17";
				CLANG_ENABLE_MODULES = YES;
				CLANG_ENABLE_OBJC_ARC = YES;
				CLANG_ENABLE_OBJC_WEAK = YES;
				CLANG_WARN_BLOCK_CAPTURE_AUTORELEASING = YES;
				CLANG_WARN_BOOL_CONVERSION = YES;
				CLANG_WARN_COMMA = YES;
				CLANG_WARN_CONSTANT_CONVERSION = YES;
				CLANG_WARN_DEPRECATED_OBJC_IMPLEMENTATIONS = YES;
				CLANG_WARN_DIRECT_OBJC_ISA_USAGE = YES_ERROR;
				CLANG_WARN_DOCUMENTATION_COMMENTS = YES;
				CLANG_WARN_EMPTY_BODY = YES;
				CLANG_WARN_ENUM_CONVERSION = YES;
				CLANG_WARN_INFINITE_RECURSION = YES;
				CLANG_WARN_INT_CONVERSION = YES;
				CLANG_WARN_NON_LITERAL_NULL_CONVERSION = YES;
				CLANG_WARN_OBJC_IMPLICIT_RETAIN_SELF = YES;
				CLANG_WARN_OBJC_LITERAL_CONVERSION = YES;
				CLANG_WARN_OBJC_ROOT_CLASS = YES_ERROR;
				CLANG_WARN_QUOTED_INCLUDE_IN_FRAMEWORK_HEADER = YES;
				CLANG_WARN_RANGE_LOOP_ANALYSIS = YES;
				CLANG_WARN_STRICT_PROTOTYPES = YES;
				CLANG_WARN_SUSPICIOUS_MOVE = YES;
				CLANG_WARN_UNGUARDED_AVAILABILITY = YES_AGGRESSIVE;
				CLANG_WARN_UNREACHABLE_CODE = YES;
				CLANG_WARN__DUPLICATE_METHOD_MATCH = YES;
				COPY_PHASE_STRIP = NO;
				DEBUG_INFORMATION_FORMAT = dwarf;
				ENABLE_STRICT_OBJC_MSGSEND = YES;
				ENABLE_TESTABILITY = YES;
				GCC_C_LANGUAGE_STANDARD = gnu11;
				GCC_DYNAMIC_NO_PIC = NO;
				GCC_NO_COMMON_BLOCKS = YES;
				GCC_OPTIMIZATION_LEVEL = 0;
				GCC_PREPROCESSOR_DEFINITIONS = (
					"DEBUG=1",
					"$(inherited)",
				);
				GCC_WARN_64_TO_32_BIT_CONVERSION = YES;
				GCC_WARN_ABOUT_RETURN_TYPE = YES_ERROR;
				GCC_WARN_UNDECLARED_SELECTOR = YES;
				GCC_WARN_UNINITIALIZED_AUTOS = YES_AGGRESSIVE;
				GCC_WARN_UNUSED_FUNCTION = YES;
				GCC_WARN_UNUSED_VARIABLE = YES;
				IPHONEOS_DEPLOYMENT_TARGET = 15.4;
				MTL_ENABLE_DEBUG_INFO = INCLUDE_SOURCE;
				MTL_FAST_MATH = YES;
				ONLY_ACTIVE_ARCH = YES;
				SDKROOT = iphoneos;
				SWIFT_ACTIVE_COMPILATION_CONDITIONS = DEBUG;
				SWIFT_OPTIMIZATION_LEVEL = "-Onone";
			};
			name = Debug;
		};
		3B23834128295F4800D2F55B /* Release */ = {
			isa = XCBuildConfiguration;
			buildSettings = {
				ALWAYS_SEARCH_USER_PATHS = NO;
				CLANG_ANALYZER_NONNULL = YES;
				CLANG_ANALYZER_NUMBER_OBJECT_CONVERSION = YES_AGGRESSIVE;
				CLANG_CXX_LANGUAGE_STANDARD = "gnu++17";
				CLANG_ENABLE_MODULES = YES;
				CLANG_ENABLE_OBJC_ARC = YES;
				CLANG_ENABLE_OBJC_WEAK = YES;
				CLANG_WARN_BLOCK_CAPTURE_AUTORELEASING = YES;
				CLANG_WARN_BOOL_CONVERSION = YES;
				CLANG_WARN_COMMA = YES;
				CLANG_WARN_CONSTANT_CONVERSION = YES;
				CLANG_WARN_DEPRECATED_OBJC_IMPLEMENTATIONS = YES;
				CLANG_WARN_DIRECT_OBJC_ISA_USAGE = YES_ERROR;
				CLANG_WARN_DOCUMENTATION_COMMENTS = YES;
				CLANG_WARN_EMPTY_BODY = YES;
				CLANG_WARN_ENUM_CONVERSION = YES;
				CLANG_WARN_INFINITE_RECURSION = YES;
				CLANG_WARN_INT_CONVERSION = YES;
				CLANG_WARN_NON_LITERAL_NULL_CONVERSION = YES;
				CLANG_WARN_OBJC_IMPLICIT_RETAIN_SELF = YES;
				CLANG_WARN_OBJC_LITERAL_CONVERSION = YES;
				CLANG_WARN_OBJC_ROOT_CLASS = YES_ERROR;
				CLANG_WARN_QUOTED_INCLUDE_IN_FRAMEWORK_HEADER = YES;
				CLANG_WARN_RANGE_LOOP_ANALYSIS = YES;
				CLANG_WARN_STRICT_PROTOTYPES = YES;
				CLANG_WARN_SUSPICIOUS_MOVE = YES;
				CLANG_WARN_UNGUARDED_AVAILABILITY = YES_AGGRESSIVE;
				CLANG_WARN_UNREACHABLE_CODE = YES;
				CLANG_WARN__DUPLICATE_METHOD_MATCH = YES;
				COPY_PHASE_STRIP = NO;
				DEBUG_INFORMATION_FORMAT = "dwarf-with-dsym";
				ENABLE_NS_ASSERTIONS = NO;
				ENABLE_STRICT_OBJC_MSGSEND = YES;
				GCC_C_LANGUAGE_STANDARD = gnu11;
				GCC_NO_COMMON_BLOCKS = YES;
				GCC_WARN_64_TO_32_BIT_CONVERSION = YES;
				GCC_WARN_ABOUT_RETURN_TYPE = YES_ERROR;
				GCC_WARN_UNDECLARED_SELECTOR = YES;
				GCC_WARN_UNINITIALIZED_AUTOS = YES_AGGRESSIVE;
				GCC_WARN_UNUSED_FUNCTION = YES;
				GCC_WARN_UNUSED_VARIABLE = YES;
				IPHONEOS_DEPLOYMENT_TARGET = 15.4;
				MTL_ENABLE_DEBUG_INFO = NO;
				MTL_FAST_MATH = YES;
				SDKROOT = iphoneos;
				SWIFT_COMPILATION_MODE = wholemodule;
				SWIFT_OPTIMIZATION_LEVEL = "-O";
				VALIDATE_PRODUCT = YES;
			};
			name = Release;
		};
		3B23834328295F4800D2F55B /* Debug */ = {
			isa = XCBuildConfiguration;
			buildSettings = {
				ASSETCATALOG_COMPILER_APPICON_NAME = AppIcon;
				ASSETCATALOG_COMPILER_GLOBAL_ACCENT_COLOR_NAME = AccentColor;
				CODE_SIGN_STYLE = Automatic;
				CURRENT_PROJECT_VERSION = 1;
				GENERATE_INFOPLIST_FILE = YES;
				INFOPLIST_FILE = TechMon/Info.plist;
				INFOPLIST_KEY_UIApplicationSupportsIndirectInputEvents = YES;
				INFOPLIST_KEY_UILaunchStoryboardName = LaunchScreen;
				INFOPLIST_KEY_UIMainStoryboardFile = Main;
				INFOPLIST_KEY_UISupportedInterfaceOrientations_iPad = "UIInterfaceOrientationPortrait UIInterfaceOrientationPortraitUpsideDown UIInterfaceOrientationLandscapeLeft UIInterfaceOrientationLandscapeRight";
				INFOPLIST_KEY_UISupportedInterfaceOrientations_iPhone = "UIInterfaceOrientationPortrait UIInterfaceOrientationLandscapeLeft UIInterfaceOrientationLandscapeRight";
				LD_RUNPATH_SEARCH_PATHS = (
					"$(inherited)",
					"@executable_path/Frameworks",
				);
				MARKETING_VERSION = 1.0;
				PRODUCT_BUNDLE_IDENTIFIER = com.litech.TechMon;
				PRODUCT_NAME = "$(TARGET_NAME)";
				SWIFT_EMIT_LOC_STRINGS = YES;
				SWIFT_VERSION = 5.0;
				TARGETED_DEVICE_FAMILY = "1,2";
			};
			name = Debug;
		};
		3B23834428295F4800D2F55B /* Release */ = {
			isa = XCBuildConfiguration;
			buildSettings = {
				ASSETCATALOG_COMPILER_APPICON_NAME = AppIcon;
				ASSETCATALOG_COMPILER_GLOBAL_ACCENT_COLOR_NAME = AccentColor;
				CODE_SIGN_STYLE = Automatic;
				CURRENT_PROJECT_VERSION = 1;
				GENERATE_INFOPLIST_FILE = YES;
				INFOPLIST_FILE = TechMon/Info.plist;
				INFOPLIST_KEY_UIApplicationSupportsIndirectInputEvents = YES;
				INFOPLIST_KEY_UILaunchStoryboardName = LaunchScreen;
				INFOPLIST_KEY_UIMainStoryboardFile = Main;
				INFOPLIST_KEY_UISupportedInterfaceOrientations_iPad = "UIInterfaceOrientationPortrait UIInterfaceOrientationPortraitUpsideDown UIInterfaceOrientationLandscapeLeft UIInterfaceOrientationLandscapeRight";
				INFOPLIST_KEY_UISupportedInterfaceOrientations_iPhone = "UIInterfaceOrientationPortrait UIInterfaceOrientationLandscapeLeft UIInterfaceOrientationLandscapeRight";
				LD_RUNPATH_SEARCH_PATHS = (
					"$(inherited)",
					"@executable_path/Frameworks",
				);
				MARKETING_VERSION = 1.0;
				PRODUCT_BUNDLE_IDENTIFIER = com.litech.TechMon;
				PRODUCT_NAME = "$(TARGET_NAME)";
				SWIFT_EMIT_LOC_STRINGS = YES;
				SWIFT_VERSION = 5.0;
				TARGETED_DEVICE_FAMILY = "1,2";
			};
			name = Release;
		};
		3B23834628295F4800D2F55B /* Debug */ = {
			isa = XCBuildConfiguration;
			buildSettings = {
				ALWAYS_EMBED_SWIFT_STANDARD_LIBRARIES = YES;
				BUNDLE_LOADER = "$(TEST_HOST)";
				CODE_SIGN_STYLE = Automatic;
				CURRENT_PROJECT_VERSION = 1;
				GENERATE_INFOPLIST_FILE = YES;
				IPHONEOS_DEPLOYMENT_TARGET = 15.4;
				MARKETING_VERSION = 1.0;
				PRODUCT_BUNDLE_IDENTIFIER = com.litech.TechMonTests;
				PRODUCT_NAME = "$(TARGET_NAME)";
				SWIFT_EMIT_LOC_STRINGS = NO;
				SWIFT_VERSION = 5.0;
				TARGETED_DEVICE_FAMILY = "1,2";
				TEST_HOST = "$(BUILT_PRODUCTS_DIR)/TechMon.app/TechMon";
			};
			name = Debug;
		};
		3B23834728295F4800D2F55B /* Release */ = {
			isa = XCBuildConfiguration;
			buildSettings = {
				ALWAYS_EMBED_SWIFT_STANDARD_LIBRARIES = YES;
				BUNDLE_LOADER = "$(TEST_HOST)";
				CODE_SIGN_STYLE = Automatic;
				CURRENT_PROJECT_VERSION = 1;
				GENERATE_INFOPLIST_FILE = YES;
				IPHONEOS_DEPLOYMENT_TARGET = 15.4;
				MARKETING_VERSION = 1.0;
				PRODUCT_BUNDLE_IDENTIFIER = com.litech.TechMonTests;
				PRODUCT_NAME = "$(TARGET_NAME)";
				SWIFT_EMIT_LOC_STRINGS = NO;
				SWIFT_VERSION = 5.0;
				TARGETED_DEVICE_FAMILY = "1,2";
				TEST_HOST = "$(BUILT_PRODUCTS_DIR)/TechMon.app/TechMon";
			};
			name = Release;
		};
		3B23834928295F4800D2F55B /* Debug */ = {
			isa = XCBuildConfiguration;
			buildSettings = {
				ALWAYS_EMBED_SWIFT_STANDARD_LIBRARIES = YES;
				CODE_SIGN_STYLE = Automatic;
				CURRENT_PROJECT_VERSION = 1;
				GENERATE_INFOPLIST_FILE = YES;
				MARKETING_VERSION = 1.0;
				PRODUCT_BUNDLE_IDENTIFIER = com.litech.TechMonUITests;
				PRODUCT_NAME = "$(TARGET_NAME)";
				SWIFT_EMIT_LOC_STRINGS = NO;
				SWIFT_VERSION = 5.0;
				TARGETED_DEVICE_FAMILY = "1,2";
				TEST_TARGET_NAME = TechMon;
			};
			name = Debug;
		};
		3B23834A28295F4800D2F55B /* Release */ = {
			isa = XCBuildConfiguration;
			buildSettings = {
				ALWAYS_EMBED_SWIFT_STANDARD_LIBRARIES = YES;
				CODE_SIGN_STYLE = Automatic;
				CURRENT_PROJECT_VERSION = 1;
				GENERATE_INFOPLIST_FILE = YES;
				MARKETING_VERSION = 1.0;
				PRODUCT_BUNDLE_IDENTIFIER = com.litech.TechMonUITests;
				PRODUCT_NAME = "$(TARGET_NAME)";
				SWIFT_EMIT_LOC_STRINGS = NO;
				SWIFT_VERSION = 5.0;
				TARGETED_DEVICE_FAMILY = "1,2";
				TEST_TARGET_NAME = TechMon;
			};
			name = Release;
		};
/* End XCBuildConfiguration section */

/* Begin XCConfigurationList section */
		3B23831328295F4700D2F55B /* Build configuration list for PBXProject "TechMon" */ = {
			isa = XCConfigurationList;
			buildConfigurations = (
				3B23834028295F4800D2F55B /* Debug */,
				3B23834128295F4800D2F55B /* Release */,
			);
			defaultConfigurationIsVisible = 0;
			defaultConfigurationName = Release;
		};
		3B23834228295F4800D2F55B /* Build configuration list for PBXNativeTarget "TechMon" */ = {
			isa = XCConfigurationList;
			buildConfigurations = (
				3B23834328295F4800D2F55B /* Debug */,
				3B23834428295F4800D2F55B /* Release */,
			);
			defaultConfigurationIsVisible = 0;
			defaultConfigurationName = Release;
		};
		3B23834528295F4800D2F55B /* Build configuration list for PBXNativeTarget "TechMonTests" */ = {
			isa = XCConfigurationList;
			buildConfigurations = (
				3B23834628295F4800D2F55B /* Debug */,
				3B23834728295F4800D2F55B /* Release */,
			);
			defaultConfigurationIsVisible = 0;
			defaultConfigurationName = Release;
		};
		3B23834828295F4800D2F55B /* Build configuration list for PBXNativeTarget "TechMonUITests" */ = {
			isa = XCConfigurationList;
			buildConfigurations = (
				3B23834928295F4800D2F55B /* Debug */,
				3B23834A28295F4800D2F55B /* Release */,
			);
			defaultConfigurationIsVisible = 0;
			defaultConfigurationName = Release;
		};
/* End XCConfigurationList section */
	};
	rootObject = 3B23831028295F4700D2F55B /* Project object */;
}
